
Microsoft Visual Studio Solution File, Format Version 12.00
# Visual Studio 15
VisualStudioVersion = 15.0.28010.2036
MinimumVisualStudioVersion = 10.0.40219.1
Project("{FAE04EC0-301F-11D3-BF4B-00C04F79EFBC}") = "GoogleDrive_Driver", "GoogleDrive_Driver\GoogleDrive_Driver.csproj", "{617A6B92-053F-424F-AC35-028D7FA84A94}"
EndProject
Global
	GlobalSection(SolutionConfigurationPlatforms) = preSolution
		Debug|Any CPU = Debug|Any CPU
		Release|Any CPU = Release|Any CPU
	EndGlobalSection
	GlobalSection(ProjectConfigurationPlatforms) = postSolution
		{617A6B92-053F-424F-AC35-028D7FA84A94}.Debug|Any CPU.ActiveCfg = Debug|Any CPU
		{617A6B92-053F-424F-AC35-028D7FA84A94}.Debug|Any CPU.Build.0 = Debug|Any CPU
		{617A6B92-053F-424F-AC35-028D7FA84A94}.Release|Any CPU.ActiveCfg = Release|Any CPU
		{617A6B92-053F-424F-AC35-028D7FA84A94}.Release|Any CPU.Build.0 = Release|Any CPU
	EndGlobalSection
	GlobalSection(SolutionProperties) = preSolution
		HideSolutionNode = FALSE
	EndGlobalSection
	GlobalSection(ExtensibilityGlobals) = postSolution
		SolutionGuid = {C7F226A7-489C-4975-ABD0-A54ED144CA8F}
	EndGlobalSection
EndGlobal
